
Microsoft Visual Studio Solution File, Format Version 12.00
# Visual Studio Version 17
VisualStudioVersion = 17.7.34221.43
MinimumVisualStudioVersion = 10.0.40219.1
Project("{FAE04EC0-301F-11D3-BF4B-00C04F79EFBC}") = "WebApplication1", "WebApplication1.csproj", "{58A3E84A-0559-4F22-9655-2EC31C891722}"
EndProject
Global
	GlobalSection(SolutionConfigurationPlatforms) = preSolution
		Debug|Any CPU = Debug|Any CPU
		Release|Any CPU = Release|Any CPU
	EndGlobalSection
	GlobalSection(ProjectConfigurationPlatforms) = postSolution
		{58A3E84A-0559-4F22-9655-2EC31C891722}.Debug|Any CPU.ActiveCfg = Debug|Any CPU
		{58A3E84A-0559-4F22-9655-2EC31C891722}.Debug|Any CPU.Build.0 = Debug|Any CPU
		{58A3E84A-0559-4F22-9655-2EC31C891722}.Release|Any CPU.ActiveCfg = Release|Any CPU
		{58A3E84A-0559-4F22-9655-2EC31C891722}.Release|Any CPU.Build.0 = Release|Any CPU
	EndGlobalSection
	GlobalSection(SolutionProperties) = preSolution
		HideSolutionNode = FALSE
	EndGlobalSection
	GlobalSection(ExtensibilityGlobals) = postSolution
		SolutionGuid = {CC4A441F-5D09-4F7E-B2C3-8A17ECB17BB5}
	EndGlobalSection
EndGlobal
